
Microsoft Visual Studio Solution File, Format Version 11.00
# Visual Studio 2010
Project("{8BC9CEB8-8B4A-11D0-8D11-00A0C91BC942}") = "WOTKiller", "WOTKiller\WOTKiller.vcxproj", "{B0FDA3CC-FCB8-4446-B07F-6906ED5A2820}"
EndProject
Project("{8BC9CEB8-8B4A-11D0-8D11-00A0C91BC942}") = "Installer", "Installer\Installer.vcxproj", "{D09FB8FA-D71A-48DF-95D4-D42B6E402B86}"
EndProject
Project("{8BC9CEB8-8B4A-11D0-8D11-00A0C91BC942}") = "Sloth", "Sloth\Sloth.vcxproj", "{C1684449-A0EF-4929-9FEE-557975350A6F}"
EndProject
Global
	GlobalSection(SolutionConfigurationPlatforms) = preSolution
		Debug|Win32 = Debug|Win32
		Debug|x64 = Debug|x64
		Release|Win32 = Release|Win32
		Release|x64 = Release|x64
	EndGlobalSection
	GlobalSection(ProjectConfigurationPlatforms) = postSolution
		{B0FDA3CC-FCB8-4446-B07F-6906ED5A2820}.Debug|Win32.ActiveCfg = Debug|Win32
		{B0FDA3CC-FCB8-4446-B07F-6906ED5A2820}.Debug|Win32.Build.0 = Debug|Win32
		{B0FDA3CC-FCB8-4446-B07F-6906ED5A2820}.Debug|x64.ActiveCfg = Debug|x64
		{B0FDA3CC-FCB8-4446-B07F-6906ED5A2820}.Debug|x64.Build.0 = Debug|x64
		{B0FDA3CC-FCB8-4446-B07F-6906ED5A2820}.Release|Win32.ActiveCfg = Release|Win32
		{B0FDA3CC-FCB8-4446-B07F-6906ED5A2820}.Release|Win32.Build.0 = Release|Win32
		{B0FDA3CC-FCB8-4446-B07F-6906ED5A2820}.Release|x64.ActiveCfg = Release|x64
		{B0FDA3CC-FCB8-4446-B07F-6906ED5A2820}.Release|x64.Build.0 = Release|x64
		{D09FB8FA-D71A-48DF-95D4-D42B6E402B86}.Debug|Win32.ActiveCfg = Debug|Win32
		{D09FB8FA-D71A-48DF-95D4-D42B6E402B86}.Debug|Win32.Build.0 = Debug|Win32
		{D09FB8FA-D71A-48DF-95D4-D42B6E402B86}.Debug|x64.ActiveCfg = Debug|Win32
		{D09FB8FA-D71A-48DF-95D4-D42B6E402B86}.Release|Win32.ActiveCfg = Release|Win32
		{D09FB8FA-D71A-48DF-95D4-D42B6E402B86}.Release|Win32.Build.0 = Release|Win32
		{D09FB8FA-D71A-48DF-95D4-D42B6E402B86}.Release|x64.ActiveCfg = Release|Win32
		{C1684449-A0EF-4929-9FEE-557975350A6F}.Debug|Win32.ActiveCfg = Debug|Win32
		{C1684449-A0EF-4929-9FEE-557975350A6F}.Debug|Win32.Build.0 = Debug|Win32
		{C1684449-A0EF-4929-9FEE-557975350A6F}.Debug|x64.ActiveCfg = Debug|Win32
		{C1684449-A0EF-4929-9FEE-557975350A6F}.Release|Win32.ActiveCfg = Release|Win32
		{C1684449-A0EF-4929-9FEE-557975350A6F}.Release|Win32.Build.0 = Release|Win32
		{C1684449-A0EF-4929-9FEE-557975350A6F}.Release|x64.ActiveCfg = Release|Win32
	EndGlobalSection
	GlobalSection(SolutionProperties) = preSolution
		HideSolutionNode = FALSE
	EndGlobalSection
EndGlobal
